
Microsoft Visual Studio Solution File, Format Version 12.00
# Visual Studio Version 17
VisualStudioVersion = 17.11.35327.3
MinimumVisualStudioVersion = 10.0.40219.1
Project("{FAE04EC0-301F-11D3-BF4B-00C04F79EFBC}") = "Zoo", "Zoo\Zoo.csproj", "{574A32EE-979B-4182-988A-8BAB9311794B}"
EndProject
Global
	GlobalSection(SolutionConfigurationPlatforms) = preSolution
		Debug|Any CPU = Debug|Any CPU
		Release|Any CPU = Release|Any CPU
	EndGlobalSection
	GlobalSection(ProjectConfigurationPlatforms) = postSolution
		{574A32EE-979B-4182-988A-8BAB9311794B}.Debug|Any CPU.ActiveCfg = Debug|Any CPU
		{574A32EE-979B-4182-988A-8BAB9311794B}.Debug|Any CPU.Build.0 = Debug|Any CPU
		{574A32EE-979B-4182-988A-8BAB9311794B}.Release|Any CPU.ActiveCfg = Release|Any CPU
		{574A32EE-979B-4182-988A-8BAB9311794B}.Release|Any CPU.Build.0 = Release|Any CPU
	EndGlobalSection
	GlobalSection(SolutionProperties) = preSolution
		HideSolutionNode = FALSE
	EndGlobalSection
	GlobalSection(ExtensibilityGlobals) = postSolution
		SolutionGuid = {73D695F4-07C3-421D-8EAF-1106A46CDE50}
	EndGlobalSection
EndGlobal
